# This file is automatically @generated by Poetry 1.8.2 and should not be changed by hand.

[[package]]
name = "autopep8"
version = "2.1.0"
description = "A tool that automatically formats Python code to conform to the PEP 8 style guide"
optional = false
python-versions = ">=3.8"
files = [
    {file = "autopep8-2.1.0-py2.py3-none-any.whl", hash = "sha256:2bb76888c5edbcafe6aabab3c47ba534f5a2c2d245c2eddced4a30c4b4946357"},
    {file = "autopep8-2.1.0.tar.gz", hash = "sha256:1fa8964e4618929488f4ec36795c7ff12924a68b8bf01366c094fc52f770b6e7"},
]

[package.dependencies]
pycodestyle = ">=2.11.0"
tomli = {version = "*", markers = "python_version < \"3.11\""}

[[package]]
name = "colorama"
version = "0.4.6"
description = "Cross-platform colored terminal text."
optional = false
python-versions = "!=3.0.*,!=3.1.*,!=3.2.*,!=3.3.*,!=3.4.*,!=3.5.*,!=3.6.*,>=2.7"
files = [
    {file = "colorama-0.4.6-py2.py3-none-any.whl", hash = "sha256:4f1d9991f5acc0ca119f9d443620b77f9d6b33703e51011c16baf57afb285fc6"},
    {file = "colorama-0.4.6.tar.gz", hash = "sha256:08695f5cb7ed6e0531a20572697297273c47b8cae5a63ffc6d6ed5c201be6e44"},
]

[[package]]
name = "exceptiongroup"
version = "1.2.0"
description = "Backport of PEP 654 (exception groups)"
optional = false
python-versions = ">=3.7"
files = [
    {file = "exceptiongroup-1.2.0-py3-none-any.whl", hash = "sha256:4bfd3996ac73b41e9b9628b04e079f193850720ea5945fc96a08633c66912f14"},
    {file = "exceptiongroup-1.2.0.tar.gz", hash = "sha256:91f5c769735f051a4290d52edd0858999b57e5876e9f85937691bd4c9fa3ed68"},
]

[package.extras]
test = ["pytest (>=6)"]

[[package]]
name = "iniconfig"
version = "2.0.0"
description = "brain-dead simple config-ini parsing"
optional = false
python-versions = ">=3.7"
files = [
    {file = "iniconfig-2.0.0-py3-none-any.whl", hash = "sha256:b6a85871a79d2e3b22d2d1b94ac2824226a63c6b741c88f7ae975f18b6778374"},
    {file = "iniconfig-2.0.0.tar.gz", hash = "sha256:2d91e135bf72d31a410b17c16da610a82cb55f6b0477d1a902134b24a455b8b3"},
]

[[package]]
name = "isort"
version = "5.13.2"
description = "A Python utility / library to sort Python imports."
optional = false
python-versions = ">=3.8.0"
files = [
    {file = "isort-5.13.2-py3-none-any.whl", hash = "sha256:8ca5e72a8d85860d5a3fa69b8745237f2939afe12dbf656afbcb47fe72d947a6"},
    {file = "isort-5.13.2.tar.gz", hash = "sha256:48fdfcb9face5d58a4f6dde2e72a1fb8dcaf8ab26f95ab49fab84c2ddefb0109"},
]

[package.extras]
colors = ["colorama (>=0.4.6)"]

[[package]]
name = "nodeenv"
version = "1.8.0"
description = "Node.js virtual environment builder"
optional = false
python-versions = ">=2.7,!=3.0.*,!=3.1.*,!=3.2.*,!=3.3.*,!=3.4.*,!=3.5.*,!=3.6.*"
files = [
    {file = "nodeenv-1.8.0-py2.py3-none-any.whl", hash = "sha256:df865724bb3c3adc86b3876fa209771517b0cfe596beff01a92700e0e8be4cec"},
    {file = "nodeenv-1.8.0.tar.gz", hash = "sha256:d51e0c37e64fbf47d017feac3145cdbb58836d7eee8c6f6d3b6880c5456227d2"},
]

[package.dependencies]
setuptools = "*"

[[package]]
name = "packaging"
version = "24.0"
description = "Core utilities for Python packages"
optional = false
python-versions = ">=3.7"
files = [
    {file = "packaging-24.0-py3-none-any.whl", hash = "sha256:2ddfb553fdf02fb784c234c7ba6ccc288296ceabec964ad2eae3777778130bc5"},
    {file = "packaging-24.0.tar.gz", hash = "sha256:eb82c5e3e56209074766e6885bb04b8c38a0c015d0a30036ebe7ece34c9989e9"},
]

[[package]]
name = "platformdirs"
version = "4.2.0"
description = "A small Python package for determining appropriate platform-specific dirs, e.g. a \"user data dir\"."
optional = false
python-versions = ">=3.8"
files = [
    {file = "platformdirs-4.2.0-py3-none-any.whl", hash = "sha256:0614df2a2f37e1a662acbd8e2b25b92ccf8632929bc6d43467e17fe89c75e068"},
    {file = "platformdirs-4.2.0.tar.gz", hash = "sha256:ef0cc731df711022c174543cb70a9b5bd22e5a9337c8624ef2c2ceb8ddad8768"},
]

[package.extras]
docs = ["furo (>=2023.9.10)", "proselint (>=0.13)", "sphinx (>=7.2.6)", "sphinx-autodoc-typehints (>=1.25.2)"]
test = ["appdirs (==1.4.4)", "covdefaults (>=2.3)", "pytest (>=7.4.3)", "pytest-cov (>=4.1)", "pytest-mock (>=3.12)"]

[[package]]
name = "pluggy"
version = "1.4.0"
description = "plugin and hook calling mechanisms for python"
optional = false
python-versions = ">=3.8"
files = [
    {file = "pluggy-1.4.0-py3-none-any.whl", hash = "sha256:7db9f7b503d67d1c5b95f59773ebb58a8c1c288129a88665838012cfb07b8981"},
    {file = "pluggy-1.4.0.tar.gz", hash = "sha256:8c85c2876142a764e5b7548e7d9a0e0ddb46f5185161049a79b7e974454223be"},
]

[package.extras]
dev = ["pre-commit", "tox"]
testing = ["pytest", "pytest-benchmark"]

[[package]]
name = "pycodestyle"
version = "2.11.1"
description = "Python style guide checker"
optional = false
python-versions = ">=3.8"
files = [
    {file = "pycodestyle-2.11.1-py2.py3-none-any.whl", hash = "sha256:44fe31000b2d866f2e41841b18528a505fbd7fef9017b04eff4e2648a0fadc67"},
    {file = "pycodestyle-2.11.1.tar.gz", hash = "sha256:41ba0e7afc9752dfb53ced5489e89f8186be00e599e712660695b7a75ff2663f"},
]

[[package]]
name = "pyright"
version = "1.1.357"
description = "Command line wrapper for pyright"
optional = false
python-versions = ">=3.7"
files = [
    {file = "pyright-1.1.357-py3-none-any.whl", hash = "sha256:1cf29ee38e4928131895cd8e90eef37b5b77e2ed72a14e6e8e2405266f5f0aca"},
    {file = "pyright-1.1.357.tar.gz", hash = "sha256:7c66261116c78c5fa9629134fe85c54cc5302ab73e376be4b0a99d89c80a9403"},
]

[package.dependencies]
nodeenv = ">=1.6.0"

[package.extras]
all = ["twine (>=3.4.1)"]
dev = ["twine (>=3.4.1)"]

[[package]]
name = "pytest"
version = "8.1.1"
description = "pytest: simple powerful testing with Python"
optional = false
python-versions = ">=3.8"
files = [
    {file = "pytest-8.1.1-py3-none-any.whl", hash = "sha256:2a8386cfc11fa9d2c50ee7b2a57e7d898ef90470a7a34c4b949ff59662bb78b7"},
    {file = "pytest-8.1.1.tar.gz", hash = "sha256:ac978141a75948948817d360297b7aae0fcb9d6ff6bc9ec6d514b85d5a65c044"},
]

[package.dependencies]
colorama = {version = "*", markers = "sys_platform == \"win32\""}
exceptiongroup = {version = ">=1.0.0rc8", markers = "python_version < \"3.11\""}
iniconfig = "*"
packaging = "*"
pluggy = ">=1.4,<2.0"
tomli = {version = ">=1", markers = "python_version < \"3.11\""}

[package.extras]
testing = ["argcomplete", "attrs (>=19.2)", "hypothesis (>=3.56)", "mock", "pygments (>=2.7.2)", "requests", "setuptools", "xmlschema"]

[[package]]
name = "pytoolconfig"
version = "1.3.1"
description = "Python tool configuration"
optional = false
python-versions = ">=3.8"
files = [
    {file = "pytoolconfig-1.3.1-py3-none-any.whl", hash = "sha256:5d8cea8ae1996938ec3eaf44567bbc5ef1bc900742190c439a44a704d6e1b62b"},
    {file = "pytoolconfig-1.3.1.tar.gz", hash = "sha256:51e6bd1a6f108238ae6aab6a65e5eed5e75d456be1c2bf29b04e5c1e7d7adbae"},
]

[package.dependencies]
packaging = ">=23.2"
platformdirs = {version = ">=3.11.0", optional = true, markers = "extra == \"global\""}
tomli = {version = ">=2.0.1", markers = "python_version < \"3.11\""}

[package.extras]
doc = ["sphinx (>=7.1.2)", "tabulate (>=0.9.0)"]
gendocs = ["pytoolconfig[doc]", "sphinx (>=7.1.2)", "sphinx-autodoc-typehints (>=1.25.2)", "sphinx-rtd-theme (>=2.0.0)"]
global = ["platformdirs (>=3.11.0)"]
validation = ["pydantic (>=2.5.3)"]

[[package]]
name = "rope"
version = "1.13.0"
description = "a python refactoring library..."
optional = false
python-versions = ">=3.8"
files = [
    {file = "rope-1.13.0-py3-none-any.whl", hash = "sha256:b435a0c0971244fdcd8741676a9fae697ae614c20cc36003678a7782f25c0d6c"},
    {file = "rope-1.13.0.tar.gz", hash = "sha256:51437d2decc8806cd5e9dd1fd9c1306a6d9075ecaf78d191af85fc1dfface880"},
]

[package.dependencies]
pytoolconfig = {version = ">=1.2.2", extras = ["global"]}

[package.extras]
dev = ["build (>=0.7.0)", "pre-commit (>=2.20.0)", "pytest (>=7.0.1)", "pytest-cov (>=4.1.0)", "pytest-timeout (>=2.1.0)"]
doc = ["pytoolconfig[doc]", "sphinx (>=4.5.0)", "sphinx-autodoc-typehints (>=1.18.1)", "sphinx-rtd-theme (>=1.0.0)"]
release = ["pip-tools (>=6.12.1)", "toml (>=0.10.2)", "twine (>=4.0.2)"]

[[package]]
name = "ruff"
version = "0.3.5"
description = "An extremely fast Python linter and code formatter, written in Rust."
optional = false
python-versions = ">=3.7"
files = [
    {file = "ruff-0.3.5-py3-none-macosx_10_12_x86_64.macosx_11_0_arm64.macosx_10_12_universal2.whl", hash = "sha256:aef5bd3b89e657007e1be6b16553c8813b221ff6d92c7526b7e0227450981eac"},
    {file = "ruff-0.3.5-py3-none-macosx_10_12_x86_64.whl", hash = "sha256:89b1e92b3bd9fca249153a97d23f29bed3992cff414b222fcd361d763fc53f12"},
    {file = "ruff-0.3.5-py3-none-manylinux_2_17_aarch64.manylinux2014_aarch64.whl", hash = "sha256:5e55771559c89272c3ebab23326dc23e7f813e492052391fe7950c1a5a139d89"},
    {file = "ruff-0.3.5-py3-none-manylinux_2_17_armv7l.manylinux2014_armv7l.whl", hash = "sha256:dabc62195bf54b8a7876add6e789caae0268f34582333cda340497c886111c39"},
    {file = "ruff-0.3.5-py3-none-manylinux_2_17_i686.manylinux2014_i686.whl", hash = "sha256:3a05f3793ba25f194f395578579c546ca5d83e0195f992edc32e5907d142bfa3"},
    {file = "ruff-0.3.5-py3-none-manylinux_2_17_ppc64.manylinux2014_ppc64.whl", hash = "sha256:dfd3504e881082959b4160ab02f7a205f0fadc0a9619cc481982b6837b2fd4c0"},
    {file = "ruff-0.3.5-py3-none-manylinux_2_17_ppc64le.manylinux2014_ppc64le.whl", hash = "sha256:87258e0d4b04046cf1d6cc1c56fadbf7a880cc3de1f7294938e923234cf9e498"},
    {file = "ruff-0.3.5-py3-none-manylinux_2_17_s390x.manylinux2014_s390x.whl", hash = "sha256:712e71283fc7d9f95047ed5f793bc019b0b0a29849b14664a60fd66c23b96da1"},
    {file = "ruff-0.3.5-py3-none-manylinux_2_17_x86_64.manylinux2014_x86_64.whl", hash = "sha256:a532a90b4a18d3f722c124c513ffb5e5eaff0cc4f6d3aa4bda38e691b8600c9f"},
    {file = "ruff-0.3.5-py3-none-musllinux_1_2_aarch64.whl", hash = "sha256:122de171a147c76ada00f76df533b54676f6e321e61bd8656ae54be326c10296"},
    {file = "ruff-0.3.5-py3-none-musllinux_1_2_armv7l.whl", hash = "sha256:d80a6b18a6c3b6ed25b71b05eba183f37d9bc8b16ace9e3d700997f00b74660b"},
    {file = "ruff-0.3.5-py3-none-musllinux_1_2_i686.whl", hash = "sha256:a7b6e63194c68bca8e71f81de30cfa6f58ff70393cf45aab4c20f158227d5936"},
    {file = "ruff-0.3.5-py3-none-musllinux_1_2_x86_64.whl", hash = "sha256:a759d33a20c72f2dfa54dae6e85e1225b8e302e8ac655773aff22e542a300985"},
    {file = "ruff-0.3.5-py3-none-win32.whl", hash = "sha256:9d8605aa990045517c911726d21293ef4baa64f87265896e491a05461cae078d"},
    {file = "ruff-0.3.5-py3-none-win_amd64.whl", hash = "sha256:dc56bb16a63c1303bd47563c60482a1512721053d93231cf7e9e1c6954395a0e"},
    {file = "ruff-0.3.5-py3-none-win_arm64.whl", hash = "sha256:faeeae9905446b975dcf6d4499dc93439b131f1443ee264055c5716dd947af55"},
    {file = "ruff-0.3.5.tar.gz", hash = "sha256:a067daaeb1dc2baf9b82a32dae67d154d95212080c80435eb052d95da647763d"},
]

[[package]]
name = "setuptools"
version = "69.2.0"
description = "Easily download, build, install, upgrade, and uninstall Python packages"
optional = false
python-versions = ">=3.8"
files = [
    {file = "setuptools-69.2.0-py3-none-any.whl", hash = "sha256:c21c49fb1042386df081cb5d86759792ab89efca84cf114889191cd09aacc80c"},
    {file = "setuptools-69.2.0.tar.gz", hash = "sha256:0ff4183f8f42cd8fa3acea16c45205521a4ef28f73c6391d8a25e92893134f2e"},
]

[package.extras]
docs = ["furo", "jaraco.packaging (>=9.3)", "jaraco.tidelift (>=1.4)", "pygments-github-lexers (==0.0.5)", "rst.linker (>=1.9)", "sphinx (<7.2.5)", "sphinx (>=3.5)", "sphinx-favicon", "sphinx-inline-tabs", "sphinx-lint", "sphinx-notfound-page (>=1,<2)", "sphinx-reredirects", "sphinxcontrib-towncrier"]
testing = ["build[virtualenv]", "filelock (>=3.4.0)", "importlib-metadata", "ini2toml[lite] (>=0.9)", "jaraco.develop (>=7.21)", "jaraco.envs (>=2.2)", "jaraco.path (>=3.2.0)", "mypy (==1.9)", "packaging (>=23.2)", "pip (>=19.1)", "pytest (>=6)", "pytest-checkdocs (>=2.4)", "pytest-cov", "pytest-enabler (>=2.2)", "pytest-home (>=0.5)", "pytest-mypy (>=0.9.1)", "pytest-perf", "pytest-ruff (>=0.2.1)", "pytest-timeout", "pytest-xdist (>=3)", "tomli", "tomli-w (>=1.0.0)", "virtualenv (>=13.0.0)", "wheel"]
testing-integration = ["build[virtualenv] (>=1.0.3)", "filelock (>=3.4.0)", "jaraco.envs (>=2.2)", "jaraco.path (>=3.2.0)", "packaging (>=23.2)", "pytest", "pytest-enabler", "pytest-xdist", "tomli", "virtualenv (>=13.0.0)", "wheel"]

[[package]]
name = "tomli"
version = "2.0.1"
description = "A lil' TOML parser"
optional = false
python-versions = ">=3.7"
files = [
    {file = "tomli-2.0.1-py3-none-any.whl", hash = "sha256:939de3e7a6161af0c887ef91b7d41a53e7c5a1ca976325f429cb46ea9bc30ecc"},
    {file = "tomli-2.0.1.tar.gz", hash = "sha256:de526c12914f0c550d15924c62d72abc48d6fe7364aa87328337a31007fe8a4f"},
]

[metadata]
lock-version = "2.0"
python-versions = "3.10.*"
content-hash = "56617c032ddf10ff5a8a367906d9fbc0c390a0d6576d561bd0e5d62ff1663771"
